
Microsoft Visual Studio Solution File, Format Version 12.00
# Visual Studio Version 17
VisualStudioVersion = 17.4.33213.308
MinimumVisualStudioVersion = 10.0.40219.1
Project("{2150E333-8FDC-42A3-9474-1A3956D46DE8}") = "src", "src", "{CC5DD415-5E0B-4AD5-BC3C-8DB08963948F}"
EndProject
Project("{FAE04EC0-301F-11D3-BF4B-00C04F79EFBC}") = "Core.Application", "Core.Application\Core.Application.csproj", "{3931AE7D-6250-4C8F-865B-12601975EC57}"
EndProject
Project("{2150E333-8FDC-42A3-9474-1A3956D46DE8}") = "corePackages", "corePackages", "{03ACDF7D-2C0C-4E4C-BA8E-373BD8EE408E}"
EndProject
Project("{FAE04EC0-301F-11D3-BF4B-00C04F79EFBC}") = "Core.CrossCuttingConcerns", "Core.CrossCuttingConcerns\Core.CrossCuttingConcerns.csproj", "{BC34BB09-06A4-4840-B191-95E59A0077F0}"
EndProject
Project("{FAE04EC0-301F-11D3-BF4B-00C04F79EFBC}") = "Core.ElasticSearch", "Core.ElasticSearch\Core.ElasticSearch.csproj", "{F29FCBBF-D488-47E3-8E6B-97704264330E}"
EndProject
Project("{FAE04EC0-301F-11D3-BF4B-00C04F79EFBC}") = "CorePersistance", "CorePersistance\CorePersistance.csproj", "{A3ADFC53-2D45-427C-9F73-E3190582592F}"
EndProject
Project("{FAE04EC0-301F-11D3-BF4B-00C04F79EFBC}") = "Core.Security", "Core.Security\Core.Security.csproj", "{AF756158-4FED-40F5-B3C2-CC2D5BDDF6BA}"
EndProject
Project("{2150E333-8FDC-42A3-9474-1A3956D46DE8}") = "goDrive", "goDrive", "{176A8CDD-A9FE-4C4B-BF6C-2DFA0645612E}"
EndProject
Project("{FAE04EC0-301F-11D3-BF4B-00C04F79EFBC}") = "Domain", "Domain\Domain.csproj", "{D5BD7E0E-A58C-4FAF-A506-7865C32DC0E5}"
EndProject
Project("{FAE04EC0-301F-11D3-BF4B-00C04F79EFBC}") = "Application", "Application\Application.csproj", "{ACAF5227-2322-4F01-B4E5-46E6B05E3103}"
EndProject
Project("{FAE04EC0-301F-11D3-BF4B-00C04F79EFBC}") = "Infastruture", "Infastruture\Infastruture.csproj", "{9C340701-F391-4674-AE4A-28225A1B4422}"
EndProject
Project("{FAE04EC0-301F-11D3-BF4B-00C04F79EFBC}") = "Persistance", "Persistance\Persistance.csproj", "{DC69EDBA-A29B-4AD5-AA4B-137495C22D52}"
EndProject
Project("{FAE04EC0-301F-11D3-BF4B-00C04F79EFBC}") = "WebAPI", "WebAPI\WebAPI.csproj", "{C9E0E3BB-E17B-45CF-AE99-9AA12FE55837}"
EndProject
Global
	GlobalSection(SolutionConfigurationPlatforms) = preSolution
		Debug|Any CPU = Debug|Any CPU
		Release|Any CPU = Release|Any CPU
	EndGlobalSection
	GlobalSection(ProjectConfigurationPlatforms) = postSolution
		{3931AE7D-6250-4C8F-865B-12601975EC57}.Debug|Any CPU.ActiveCfg = Debug|Any CPU
		{3931AE7D-6250-4C8F-865B-12601975EC57}.Debug|Any CPU.Build.0 = Debug|Any CPU
		{3931AE7D-6250-4C8F-865B-12601975EC57}.Release|Any CPU.ActiveCfg = Release|Any CPU
		{3931AE7D-6250-4C8F-865B-12601975EC57}.Release|Any CPU.Build.0 = Release|Any CPU
		{BC34BB09-06A4-4840-B191-95E59A0077F0}.Debug|Any CPU.ActiveCfg = Debug|Any CPU
		{BC34BB09-06A4-4840-B191-95E59A0077F0}.Debug|Any CPU.Build.0 = Debug|Any CPU
		{BC34BB09-06A4-4840-B191-95E59A0077F0}.Release|Any CPU.ActiveCfg = Release|Any CPU
		{BC34BB09-06A4-4840-B191-95E59A0077F0}.Release|Any CPU.Build.0 = Release|Any CPU
		{F29FCBBF-D488-47E3-8E6B-97704264330E}.Debug|Any CPU.ActiveCfg = Debug|Any CPU
		{F29FCBBF-D488-47E3-8E6B-97704264330E}.Debug|Any CPU.Build.0 = Debug|Any CPU
		{F29FCBBF-D488-47E3-8E6B-97704264330E}.Release|Any CPU.ActiveCfg = Release|Any CPU
		{F29FCBBF-D488-47E3-8E6B-97704264330E}.Release|Any CPU.Build.0 = Release|Any CPU
		{A3ADFC53-2D45-427C-9F73-E3190582592F}.Debug|Any CPU.ActiveCfg = Debug|Any CPU
		{A3ADFC53-2D45-427C-9F73-E3190582592F}.Debug|Any CPU.Build.0 = Debug|Any CPU
		{A3ADFC53-2D45-427C-9F73-E3190582592F}.Release|Any CPU.ActiveCfg = Release|Any CPU
		{A3ADFC53-2D45-427C-9F73-E3190582592F}.Release|Any CPU.Build.0 = Release|Any CPU
		{AF756158-4FED-40F5-B3C2-CC2D5BDDF6BA}.Debug|Any CPU.ActiveCfg = Debug|Any CPU
		{AF756158-4FED-40F5-B3C2-CC2D5BDDF6BA}.Debug|Any CPU.Build.0 = Debug|Any CPU
		{AF756158-4FED-40F5-B3C2-CC2D5BDDF6BA}.Release|Any CPU.ActiveCfg = Release|Any CPU
		{AF756158-4FED-40F5-B3C2-CC2D5BDDF6BA}.Release|Any CPU.Build.0 = Release|Any CPU
		{D5BD7E0E-A58C-4FAF-A506-7865C32DC0E5}.Debug|Any CPU.ActiveCfg = Debug|Any CPU
		{D5BD7E0E-A58C-4FAF-A506-7865C32DC0E5}.Debug|Any CPU.Build.0 = Debug|Any CPU
		{D5BD7E0E-A58C-4FAF-A506-7865C32DC0E5}.Release|Any CPU.ActiveCfg = Release|Any CPU
		{D5BD7E0E-A58C-4FAF-A506-7865C32DC0E5}.Release|Any CPU.Build.0 = Release|Any CPU
		{ACAF5227-2322-4F01-B4E5-46E6B05E3103}.Debug|Any CPU.ActiveCfg = Debug|Any CPU
		{ACAF5227-2322-4F01-B4E5-46E6B05E3103}.Debug|Any CPU.Build.0 = Debug|Any CPU
		{ACAF5227-2322-4F01-B4E5-46E6B05E3103}.Release|Any CPU.ActiveCfg = Release|Any CPU
		{ACAF5227-2322-4F01-B4E5-46E6B05E3103}.Release|Any CPU.Build.0 = Release|Any CPU
		{9C340701-F391-4674-AE4A-28225A1B4422}.Debug|Any CPU.ActiveCfg = Debug|Any CPU
		{9C340701-F391-4674-AE4A-28225A1B4422}.Debug|Any CPU.Build.0 = Debug|Any CPU
		{9C340701-F391-4674-AE4A-28225A1B4422}.Release|Any CPU.ActiveCfg = Release|Any CPU
		{9C340701-F391-4674-AE4A-28225A1B4422}.Release|Any CPU.Build.0 = Release|Any CPU
		{DC69EDBA-A29B-4AD5-AA4B-137495C22D52}.Debug|Any CPU.ActiveCfg = Debug|Any CPU
		{DC69EDBA-A29B-4AD5-AA4B-137495C22D52}.Debug|Any CPU.Build.0 = Debug|Any CPU
		{DC69EDBA-A29B-4AD5-AA4B-137495C22D52}.Release|Any CPU.ActiveCfg = Release|Any CPU
		{DC69EDBA-A29B-4AD5-AA4B-137495C22D52}.Release|Any CPU.Build.0 = Release|Any CPU
		{C9E0E3BB-E17B-45CF-AE99-9AA12FE55837}.Debug|Any CPU.ActiveCfg = Debug|Any CPU
		{C9E0E3BB-E17B-45CF-AE99-9AA12FE55837}.Debug|Any CPU.Build.0 = Debug|Any CPU
		{C9E0E3BB-E17B-45CF-AE99-9AA12FE55837}.Release|Any CPU.ActiveCfg = Release|Any CPU
		{C9E0E3BB-E17B-45CF-AE99-9AA12FE55837}.Release|Any CPU.Build.0 = Release|Any CPU
	EndGlobalSection
	GlobalSection(SolutionProperties) = preSolution
		HideSolutionNode = FALSE
	EndGlobalSection
	GlobalSection(NestedProjects) = preSolution
		{3931AE7D-6250-4C8F-865B-12601975EC57} = {03ACDF7D-2C0C-4E4C-BA8E-373BD8EE408E}
		{03ACDF7D-2C0C-4E4C-BA8E-373BD8EE408E} = {CC5DD415-5E0B-4AD5-BC3C-8DB08963948F}
		{BC34BB09-06A4-4840-B191-95E59A0077F0} = {03ACDF7D-2C0C-4E4C-BA8E-373BD8EE408E}
		{F29FCBBF-D488-47E3-8E6B-97704264330E} = {03ACDF7D-2C0C-4E4C-BA8E-373BD8EE408E}
		{A3ADFC53-2D45-427C-9F73-E3190582592F} = {03ACDF7D-2C0C-4E4C-BA8E-373BD8EE408E}
		{AF756158-4FED-40F5-B3C2-CC2D5BDDF6BA} = {03ACDF7D-2C0C-4E4C-BA8E-373BD8EE408E}
		{176A8CDD-A9FE-4C4B-BF6C-2DFA0645612E} = {CC5DD415-5E0B-4AD5-BC3C-8DB08963948F}
		{D5BD7E0E-A58C-4FAF-A506-7865C32DC0E5} = {176A8CDD-A9FE-4C4B-BF6C-2DFA0645612E}
		{ACAF5227-2322-4F01-B4E5-46E6B05E3103} = {176A8CDD-A9FE-4C4B-BF6C-2DFA0645612E}
		{9C340701-F391-4674-AE4A-28225A1B4422} = {176A8CDD-A9FE-4C4B-BF6C-2DFA0645612E}
		{DC69EDBA-A29B-4AD5-AA4B-137495C22D52} = {176A8CDD-A9FE-4C4B-BF6C-2DFA0645612E}
		{C9E0E3BB-E17B-45CF-AE99-9AA12FE55837} = {176A8CDD-A9FE-4C4B-BF6C-2DFA0645612E}
	EndGlobalSection
	GlobalSection(ExtensibilityGlobals) = postSolution
		SolutionGuid = {11EEBB6A-8E04-4159-8436-6215C907DE07}
	EndGlobalSection
EndGlobal
