
Microsoft Visual Studio Solution File, Format Version 12.00
# Visual Studio Version 17
VisualStudioVersion = 17.4.33213.308
MinimumVisualStudioVersion = 10.0.40219.1
Project("{2150E333-8FDC-42A3-9474-1A3956D46DE8}") = "src", "src", "{362DE51E-AD20-41B5-91B4-B06E94274A8D}"
EndProject
Project("{2150E333-8FDC-42A3-9474-1A3956D46DE8}") = "corePackages", "corePackages", "{CE16ED85-0631-4D81-A1D5-0A23B049B338}"
EndProject
Project("{2150E333-8FDC-42A3-9474-1A3956D46DE8}") = "goDrive", "goDrive", "{1DCD13F6-F54A-473A-8E2B-02FB37460C49}"
EndProject
Project("{FAE04EC0-301F-11D3-BF4B-00C04F79EFBC}") = "Core.Application", "src\corePackages\Core.Application\Core.Application.csproj", "{0E82B868-6828-417D-A6FC-773DA5974C18}"
EndProject
Project("{FAE04EC0-301F-11D3-BF4B-00C04F79EFBC}") = "Core.CrossCuttingConcerns", "src\corePackages\Core.CrossCuttingConcerns\Core.CrossCuttingConcerns.csproj", "{2F261E44-41F2-4987-8D3A-5B9478D2DBE8}"
EndProject
Project("{FAE04EC0-301F-11D3-BF4B-00C04F79EFBC}") = "Core.ElasticSearch", "src\corePackages\Core.ElasticSearch\Core.ElasticSearch.csproj", "{A2D52B3A-7D77-421C-9438-B50C94C6552D}"
EndProject
Project("{FAE04EC0-301F-11D3-BF4B-00C04F79EFBC}") = "Core.Mailing", "src\corePackages\Core.Mailing\Core.Mailing.csproj", "{DF64212A-AEF5-42A9-A3EF-692E9546F5AC}"
EndProject
Project("{FAE04EC0-301F-11D3-BF4B-00C04F79EFBC}") = "Core.Security", "src\corePackages\Core.Security\Core.Security.csproj", "{099551D3-4B49-49E6-8397-88A99AD7776F}"
EndProject
Project("{FAE04EC0-301F-11D3-BF4B-00C04F79EFBC}") = "Application", "src\goDrive\Application\Application.csproj", "{26C2E078-A45B-4F63-A40A-7F3945A74BDD}"
EndProject
Project("{FAE04EC0-301F-11D3-BF4B-00C04F79EFBC}") = "Domain", "src\goDrive\Domain\Domain.csproj", "{9BE1DD96-A507-4C6C-BDF1-D41BA7FC17A7}"
EndProject
Project("{FAE04EC0-301F-11D3-BF4B-00C04F79EFBC}") = "Infastructure", "src\goDrive\Infastructure\Infastructure.csproj", "{0A7986A5-4275-4721-865F-4CA2E03624A9}"
EndProject
Project("{FAE04EC0-301F-11D3-BF4B-00C04F79EFBC}") = "Persistance", "src\goDrive\Persistance\Persistance.csproj", "{1DC082DD-13E9-4FEB-8BAC-2D22291D77C2}"
EndProject
Project("{FAE04EC0-301F-11D3-BF4B-00C04F79EFBC}") = "WebAPI", "src\goDrive\WebAPI\WebAPI.csproj", "{2B596502-A243-4FEA-A6ED-3F06F6B7FE00}"
EndProject
Global
	GlobalSection(SolutionConfigurationPlatforms) = preSolution
		Debug|Any CPU = Debug|Any CPU
		Release|Any CPU = Release|Any CPU
	EndGlobalSection
	GlobalSection(ProjectConfigurationPlatforms) = postSolution
		{0E82B868-6828-417D-A6FC-773DA5974C18}.Debug|Any CPU.ActiveCfg = Debug|Any CPU
		{0E82B868-6828-417D-A6FC-773DA5974C18}.Debug|Any CPU.Build.0 = Debug|Any CPU
		{0E82B868-6828-417D-A6FC-773DA5974C18}.Release|Any CPU.ActiveCfg = Release|Any CPU
		{0E82B868-6828-417D-A6FC-773DA5974C18}.Release|Any CPU.Build.0 = Release|Any CPU
		{2F261E44-41F2-4987-8D3A-5B9478D2DBE8}.Debug|Any CPU.ActiveCfg = Debug|Any CPU
		{2F261E44-41F2-4987-8D3A-5B9478D2DBE8}.Debug|Any CPU.Build.0 = Debug|Any CPU
		{2F261E44-41F2-4987-8D3A-5B9478D2DBE8}.Release|Any CPU.ActiveCfg = Release|Any CPU
		{2F261E44-41F2-4987-8D3A-5B9478D2DBE8}.Release|Any CPU.Build.0 = Release|Any CPU
		{A2D52B3A-7D77-421C-9438-B50C94C6552D}.Debug|Any CPU.ActiveCfg = Debug|Any CPU
		{A2D52B3A-7D77-421C-9438-B50C94C6552D}.Debug|Any CPU.Build.0 = Debug|Any CPU
		{A2D52B3A-7D77-421C-9438-B50C94C6552D}.Release|Any CPU.ActiveCfg = Release|Any CPU
		{A2D52B3A-7D77-421C-9438-B50C94C6552D}.Release|Any CPU.Build.0 = Release|Any CPU
		{DF64212A-AEF5-42A9-A3EF-692E9546F5AC}.Debug|Any CPU.ActiveCfg = Debug|Any CPU
		{DF64212A-AEF5-42A9-A3EF-692E9546F5AC}.Debug|Any CPU.Build.0 = Debug|Any CPU
		{DF64212A-AEF5-42A9-A3EF-692E9546F5AC}.Release|Any CPU.ActiveCfg = Release|Any CPU
		{DF64212A-AEF5-42A9-A3EF-692E9546F5AC}.Release|Any CPU.Build.0 = Release|Any CPU
		{099551D3-4B49-49E6-8397-88A99AD7776F}.Debug|Any CPU.ActiveCfg = Debug|Any CPU
		{099551D3-4B49-49E6-8397-88A99AD7776F}.Debug|Any CPU.Build.0 = Debug|Any CPU
		{099551D3-4B49-49E6-8397-88A99AD7776F}.Release|Any CPU.ActiveCfg = Release|Any CPU
		{099551D3-4B49-49E6-8397-88A99AD7776F}.Release|Any CPU.Build.0 = Release|Any CPU
		{26C2E078-A45B-4F63-A40A-7F3945A74BDD}.Debug|Any CPU.ActiveCfg = Debug|Any CPU
		{26C2E078-A45B-4F63-A40A-7F3945A74BDD}.Debug|Any CPU.Build.0 = Debug|Any CPU
		{26C2E078-A45B-4F63-A40A-7F3945A74BDD}.Release|Any CPU.ActiveCfg = Release|Any CPU
		{26C2E078-A45B-4F63-A40A-7F3945A74BDD}.Release|Any CPU.Build.0 = Release|Any CPU
		{9BE1DD96-A507-4C6C-BDF1-D41BA7FC17A7}.Debug|Any CPU.ActiveCfg = Debug|Any CPU
		{9BE1DD96-A507-4C6C-BDF1-D41BA7FC17A7}.Debug|Any CPU.Build.0 = Debug|Any CPU
		{9BE1DD96-A507-4C6C-BDF1-D41BA7FC17A7}.Release|Any CPU.ActiveCfg = Release|Any CPU
		{9BE1DD96-A507-4C6C-BDF1-D41BA7FC17A7}.Release|Any CPU.Build.0 = Release|Any CPU
		{0A7986A5-4275-4721-865F-4CA2E03624A9}.Debug|Any CPU.ActiveCfg = Debug|Any CPU
		{0A7986A5-4275-4721-865F-4CA2E03624A9}.Debug|Any CPU.Build.0 = Debug|Any CPU
		{0A7986A5-4275-4721-865F-4CA2E03624A9}.Release|Any CPU.ActiveCfg = Release|Any CPU
		{0A7986A5-4275-4721-865F-4CA2E03624A9}.Release|Any CPU.Build.0 = Release|Any CPU
		{1DC082DD-13E9-4FEB-8BAC-2D22291D77C2}.Debug|Any CPU.ActiveCfg = Debug|Any CPU
		{1DC082DD-13E9-4FEB-8BAC-2D22291D77C2}.Debug|Any CPU.Build.0 = Debug|Any CPU
		{1DC082DD-13E9-4FEB-8BAC-2D22291D77C2}.Release|Any CPU.ActiveCfg = Release|Any CPU
		{1DC082DD-13E9-4FEB-8BAC-2D22291D77C2}.Release|Any CPU.Build.0 = Release|Any CPU
		{2B596502-A243-4FEA-A6ED-3F06F6B7FE00}.Debug|Any CPU.ActiveCfg = Debug|Any CPU
		{2B596502-A243-4FEA-A6ED-3F06F6B7FE00}.Debug|Any CPU.Build.0 = Debug|Any CPU
		{2B596502-A243-4FEA-A6ED-3F06F6B7FE00}.Release|Any CPU.ActiveCfg = Release|Any CPU
		{2B596502-A243-4FEA-A6ED-3F06F6B7FE00}.Release|Any CPU.Build.0 = Release|Any CPU
	EndGlobalSection
	GlobalSection(SolutionProperties) = preSolution
		HideSolutionNode = FALSE
	EndGlobalSection
	GlobalSection(NestedProjects) = preSolution
		{CE16ED85-0631-4D81-A1D5-0A23B049B338} = {362DE51E-AD20-41B5-91B4-B06E94274A8D}
		{1DCD13F6-F54A-473A-8E2B-02FB37460C49} = {362DE51E-AD20-41B5-91B4-B06E94274A8D}
		{0E82B868-6828-417D-A6FC-773DA5974C18} = {CE16ED85-0631-4D81-A1D5-0A23B049B338}
		{2F261E44-41F2-4987-8D3A-5B9478D2DBE8} = {CE16ED85-0631-4D81-A1D5-0A23B049B338}
		{A2D52B3A-7D77-421C-9438-B50C94C6552D} = {CE16ED85-0631-4D81-A1D5-0A23B049B338}
		{DF64212A-AEF5-42A9-A3EF-692E9546F5AC} = {CE16ED85-0631-4D81-A1D5-0A23B049B338}
		{099551D3-4B49-49E6-8397-88A99AD7776F} = {CE16ED85-0631-4D81-A1D5-0A23B049B338}
		{26C2E078-A45B-4F63-A40A-7F3945A74BDD} = {1DCD13F6-F54A-473A-8E2B-02FB37460C49}
		{9BE1DD96-A507-4C6C-BDF1-D41BA7FC17A7} = {1DCD13F6-F54A-473A-8E2B-02FB37460C49}
		{0A7986A5-4275-4721-865F-4CA2E03624A9} = {1DCD13F6-F54A-473A-8E2B-02FB37460C49}
		{1DC082DD-13E9-4FEB-8BAC-2D22291D77C2} = {1DCD13F6-F54A-473A-8E2B-02FB37460C49}
		{2B596502-A243-4FEA-A6ED-3F06F6B7FE00} = {1DCD13F6-F54A-473A-8E2B-02FB37460C49}
	EndGlobalSection
	GlobalSection(ExtensibilityGlobals) = postSolution
		SolutionGuid = {11EEBB6A-8E04-4159-8436-6215C907DE07}
	EndGlobalSection
EndGlobal
